// !$*UTF8*$!
{
	archiveVersion = 1;
	classes = {
	};
	objectVersion = 46;
	objects = {

/* Begin PBXBuildFile section */
		C0F7F7FC1E782FD100C877CC /* AppDelegate.swift in Sources */ = {isa = PBXBuildFile; fileRef = C0F7F7FB1E782FD100C877CC /* AppDelegate.swift */; };
		C0F7F7FE1E782FD100C877CC /* ViewController.swift in Sources */ = {isa = PBXBuildFile; fileRef = C0F7F7FD1E782FD100C877CC /* ViewController.swift */; };
		C0F7F8011E782FD100C877CC /* Main.storyboard in Resources */ = {isa = PBXBuildFile; fileRef = C0F7F7FF1E782FD100C877CC /* Main.storyboard */; };
		C0F7F8031E782FD100C877CC /* Assets.xcassets in Resources */ = {isa = PBXBuildFile; fileRef = C0F7F8021E782FD100C877CC /* Assets.xcassets */; };
		C0F7F8061E782FD100C877CC /* LaunchScreen.storyboard in Resources */ = {isa = PBXBuildFile; fileRef = C0F7F8041E782FD100C877CC /* LaunchScreen.storyboard */; };
		C0F7F8121E7830B700C877CC /* Time.swift in Sources */ = {isa = PBXBuildFile; fileRef = C0F7F8111E7830B700C877CC /* Time.swift */; };
		C0FABA4D1E97217700CA52E7 /* ClockControl.swift in Sources */ = {isa = PBXBuildFile; fileRef = C0FABA4C1E97217700CA52E7 /* ClockControl.swift */; };
		C0FABA521E9725DB00CA52E7 /* Renderer.swift in Sources */ = {isa = PBXBuildFile; fileRef = C0FABA4E1E9725DB00CA52E7 /* Renderer.swift */; };
		C0FABA531E9725DB00CA52E7 /* Shapes.swift in Sources */ = {isa = PBXBuildFile; fileRef = C0FABA4F1E9725DB00CA52E7 /* Shapes.swift */; };
		C0FABA541E9725DB00CA52E7 /* Utils.swift in Sources */ = {isa = PBXBuildFile; fileRef = C0FABA501E9725DB00CA52E7 /* Utils.swift */; };
		C0FABA551E9725DB00CA52E7 /* Vector.swift in Sources */ = {isa = PBXBuildFile; fileRef = C0FABA511E9725DB00CA52E7 /* Vector.swift */; };
/* End PBXBuildFile section */

/* Begin PBXFileReference section */
		C0F7F7F81E782FD100C877CC /* DraggleClock.app */ = {isa = PBXFileReference; explicitFileType = wrapper.application; includeInIndex = 0; path = DraggleClock.app; sourceTree = BUILT_PRODUCTS_DIR; };
		C0F7F7FB1E782FD100C877CC /* AppDelegate.swift */ = {isa = PBXFileReference; lastKnownFileType = sourcecode.swift; path = AppDelegate.swift; sourceTree = "<group>"; };
		C0F7F7FD1E782FD100C877CC /* ViewController.swift */ = {isa = PBXFileReference; lastKnownFileType = sourcecode.swift; path = ViewController.swift; sourceTree = "<group>"; };
		C0F7F8001E782FD100C877CC /* Base */ = {isa = PBXFileReference; lastKnownFileType = file.storyboard; name = Base; path = Base.lproj/Main.storyboard; sourceTree = "<group>"; };
		C0F7F8021E782FD100C877CC /* Assets.xcassets */ = {isa = PBXFileReference; lastKnownFileType = folder.assetcatalog; path = Assets.xcassets; sourceTree = "<group>"; };
		C0F7F8051E782FD100C877CC /* Base */ = {isa = PBXFileReference; lastKnownFileType = file.storyboard; name = Base; path = Base.lproj/LaunchScreen.storyboard; sourceTree = "<group>"; };
		C0F7F8071E782FD100C877CC /* Info.plist */ = {isa = PBXFileReference; lastKnownFileType = text.plist.xml; path = Info.plist; sourceTree = "<group>"; };
		C0F7F8111E7830B700C877CC /* Time.swift */ = {isa = PBXFileReference; fileEncoding = 4; lastKnownFileType = sourcecode.swift; path = Time.swift; sourceTree = "<group>"; };
		C0FABA4C1E97217700CA52E7 /* ClockControl.swift */ = {isa = PBXFileReference; fileEncoding = 4; lastKnownFileType = sourcecode.swift; path = ClockControl.swift; sourceTree = "<group>"; };
		C0FABA4E1E9725DB00CA52E7 /* Renderer.swift */ = {isa = PBXFileReference; fileEncoding = 4; lastKnownFileType = sourcecode.swift; path = Renderer.swift; sourceTree = "<group>"; };
		C0FABA4F1E9725DB00CA52E7 /* Shapes.swift */ = {isa = PBXFileReference; fileEncoding = 4; lastKnownFileType = sourcecode.swift; path = Shapes.swift; sourceTree = "<group>"; };
		C0FABA501E9725DB00CA52E7 /* Utils.swift */ = {isa = PBXFileReference; fileEncoding = 4; lastKnownFileType = sourcecode.swift; path = Utils.swift; sourceTree = "<group>"; };
		C0FABA511E9725DB00CA52E7 /* Vector.swift */ = {isa = PBXFileReference; fileEncoding = 4; lastKnownFileType = sourcecode.swift; path = Vector.swift; sourceTree = "<group>"; };
/* End PBXFileReference section */

/* Begin PBXFrameworksBuildPhase section */
		C0F7F7F51E782FD100C877CC /* Frameworks */ = {
			isa = PBXFrameworksBuildPhase;
			buildActionMask = 2147483647;
			files = (
			);
			runOnlyForDeploymentPostprocessing = 0;
		};
/* End PBXFrameworksBuildPhase section */

/* Begin PBXGroup section */
		C0CC453A1E8412BC005978B7 /* Supporting Files */ = {
			isa = PBXGroup;
			children = (
				C0F7F7FB1E782FD100C877CC /* AppDelegate.swift */,
				C0F7F8021E782FD100C877CC /* Assets.xcassets */,
				C0F7F8041E782FD100C877CC /* LaunchScreen.storyboard */,
				C0F7F8071E782FD100C877CC /* Info.plist */,
			);
			name = "Supporting Files";
			sourceTree = "<group>";
		};
		C0F7F7EF1E782FD000C877CC = {
			isa = PBXGroup;
			children = (
				C0F7F7FA1E782FD100C877CC /* DraggleClock */,
				C0F7F7F91E782FD100C877CC /* Products */,
			);
			sourceTree = "<group>";
		};
		C0F7F7F91E782FD100C877CC /* Products */ = {
			isa = PBXGroup;
			children = (
				C0F7F7F81E782FD100C877CC /* DraggleClock.app */,
			);
			name = Products;
			sourceTree = "<group>";
		};
		C0F7F7FA1E782FD100C877CC /* DraggleClock */ = {
			isa = PBXGroup;
			children = (
				C0F7F7FF1E782FD100C877CC /* Main.storyboard */,
				C0F7F7FD1E782FD100C877CC /* ViewController.swift */,
				C0F7F8161E7A6BD000C877CC /* Model */,
				C0F7F8151E7A6BBD00C877CC /* View */,
				C0CC453A1E8412BC005978B7 /* Supporting Files */,
			);
			path = DraggleClock;
			sourceTree = "<group>";
		};
		C0F7F8151E7A6BBD00C877CC /* View */ = {
			isa = PBXGroup;
			children = (
				C0FABA4C1E97217700CA52E7 /* ClockControl.swift */,
				C0FABA4E1E9725DB00CA52E7 /* Renderer.swift */,
				C0FABA4F1E9725DB00CA52E7 /* Shapes.swift */,
				C0FABA501E9725DB00CA52E7 /* Utils.swift */,
				C0FABA511E9725DB00CA52E7 /* Vector.swift */,
			);
			name = View;
			sourceTree = "<group>";
		};
		C0F7F8161E7A6BD000C877CC /* Model */ = {
			isa = PBXGroup;
			children = (
				C0F7F8111E7830B700C877CC /* Time.swift */,
			);
			name = Model;
			sourceTree = "<group>";
		};
/* End PBXGroup section */

/* Begin PBXNativeTarget section */
		C0F7F7F71E782FD100C877CC /* DraggleClock */ = {
			isa = PBXNativeTarget;
			buildConfigurationList = C0F7F80A1E782FD100C877CC /* Build configuration list for PBXNativeTarget "DraggleClock" */;
			buildPhases = (
				C0F7F7F41E782FD100C877CC /* Sources */,
				C0F7F7F51E782FD100C877CC /* Frameworks */,
				C0F7F7F61E782FD100C877CC /* Resources */,
			);
			buildRules = (
			);
			dependencies = (
			);
			name = DraggleClock;
			productName = DraggleClock;
			productReference = C0F7F7F81E782FD100C877CC /* DraggleClock.app */;
			productType = "com.apple.product-type.application";
		};
/* End PBXNativeTarget section */

/* Begin PBXProject section */
		C0F7F7F01E782FD000C877CC /* Project object */ = {
			isa = PBXProject;
			attributes = {
				LastSwiftUpdateCheck = 0820;
				LastUpgradeCheck = 0820;
				ORGANIZATIONNAME = partrick;
				TargetAttributes = {
					C0F7F7F71E782FD100C877CC = {
						CreatedOnToolsVersion = 8.2.1;
						DevelopmentTeam = GD7J2EY34Y;
						ProvisioningStyle = Automatic;
					};
				};
			};
			buildConfigurationList = C0F7F7F31E782FD000C877CC /* Build configuration list for PBXProject "DraggleClock" */;
			compatibilityVersion = "Xcode 3.2";
			developmentRegion = English;
			hasScannedForEncodings = 0;
			knownRegions = (
				en,
				Base,
			);
			mainGroup = C0F7F7EF1E782FD000C877CC;
			productRefGroup = C0F7F7F91E782FD100C877CC /* Products */;
			projectDirPath = "";
			projectRoot = "";
			targets = (
				C0F7F7F71E782FD100C877CC /* DraggleClock */,
			);
		};
/* End PBXProject section */

/* Begin PBXResourcesBuildPhase section */
		C0F7F7F61E782FD100C877CC /* Resources */ = {
			isa = PBXResourcesBuildPhase;
			buildActionMask = 2147483647;
			files = (
				C0F7F8061E782FD100C877CC /* LaunchScreen.storyboard in Resources */,
				C0F7F8031E782FD100C877CC /* Assets.xcassets in Resources */,
				C0F7F8011E782FD100C877CC /* Main.storyboard in Resources */,
			);
			runOnlyForDeploymentPostprocessing = 0;
		};
/* End PBXResourcesBuildPhase section */

/* Begin PBXSourcesBuildPhase section */
		C0F7F7F41E782FD100C877CC /* Sources */ = {
			isa = PBXSourcesBuildPhase;
			buildActionMask = 2147483647;
			files = (
				C0FABA531E9725DB00CA52E7 /* Shapes.swift in Sources */,
				C0FABA4D1E97217700CA52E7 /* ClockControl.swift in Sources */,
				C0F7F8121E7830B700C877CC /* Time.swift in Sources */,
				C0F7F7FE1E782FD100C877CC /* ViewController.swift in Sources */,
				C0FABA521E9725DB00CA52E7 /* Renderer.swift in Sources */,
				C0F7F7FC1E782FD100C877CC /* AppDelegate.swift in Sources */,
				C0FABA551E9725DB00CA52E7 /* Vector.swift in Sources */,
				C0FABA541E9725DB00CA52E7 /* Utils.swift in Sources */,
			);
			runOnlyForDeploymentPostprocessing = 0;
		};
/* End PBXSourcesBuildPhase section */

/* Begin PBXVariantGroup section */
		C0F7F7FF1E782FD100C877CC /* Main.storyboard */ = {
			isa = PBXVariantGroup;
			children = (
				C0F7F8001E782FD100C877CC /* Base */,
			);
			name = Main.storyboard;
			sourceTree = "<group>";
		};
		C0F7F8041E782FD100C877CC /* LaunchScreen.storyboard */ = {
			isa = PBXVariantGroup;
			children = (
				C0F7F8051E782FD100C877CC /* Base */,
			);
			name = LaunchScreen.storyboard;
			sourceTree = "<group>";
		};
/* End PBXVariantGroup section */

/* Begin XCBuildConfiguration section */
		C0F7F8081E782FD100C877CC /* Debug */ = {
			isa = XCBuildConfiguration;
			buildSettings = {
				ALWAYS_SEARCH_USER_PATHS = NO;
				CLANG_ANALYZER_NONNULL = YES;
				CLANG_CXX_LANGUAGE_STANDARD = "gnu++0x";
				CLANG_CXX_LIBRARY = "libc++";
				CLANG_ENABLE_MODULES = YES;
				CLANG_ENABLE_OBJC_ARC = YES;
				CLANG_WARN_BOOL_CONVERSION = YES;
				CLANG_WARN_CONSTANT_CONVERSION = YES;
				CLANG_WARN_DIRECT_OBJC_ISA_USAGE = YES_ERROR;
				CLANG_WARN_DOCUMENTATION_COMMENTS = YES;
				CLANG_WARN_EMPTY_BODY = YES;
				CLANG_WARN_ENUM_CONVERSION = YES;
				CLANG_WARN_INFINITE_RECURSION = YES;
				CLANG_WARN_INT_CONVERSION = YES;
				CLANG_WARN_OBJC_ROOT_CLASS = YES_ERROR;
				CLANG_WARN_SUSPICIOUS_MOVE = YES;
				CLANG_WARN_UNREACHABLE_CODE = YES;
				CLANG_WARN__DUPLICATE_METHOD_MATCH = YES;
				"CODE_SIGN_IDENTITY[sdk=iphoneos*]" = "iPhone Developer";
				COPY_PHASE_STRIP = NO;
				DEBUG_INFORMATION_FORMAT = dwarf;
				ENABLE_STRICT_OBJC_MSGSEND = YES;
				ENABLE_TESTABILITY = YES;
				GCC_C_LANGUAGE_STANDARD = gnu99;
				GCC_DYNAMIC_NO_PIC = NO;
				GCC_NO_COMMON_BLOCKS = YES;
				GCC_OPTIMIZATION_LEVEL = 0;
				GCC_PREPROCESSOR_DEFINITIONS = (
					"DEBUG=1",
					"$(inherited)",
				);
				GCC_WARN_64_TO_32_BIT_CONVERSION = YES;
				GCC_WARN_ABOUT_RETURN_TYPE = YES_ERROR;
				GCC_WARN_UNDECLARED_SELECTOR = YES;
				GCC_WARN_UNINITIALIZED_AUTOS = YES_AGGRESSIVE;
				GCC_WARN_UNUSED_FUNCTION = YES;
				GCC_WARN_UNUSED_VARIABLE = YES;
				IPHONEOS_DEPLOYMENT_TARGET = 10.2;
				MTL_ENABLE_DEBUG_INFO = YES;
				ONLY_ACTIVE_ARCH = YES;
				SDKROOT = iphoneos;
				SWIFT_ACTIVE_COMPILATION_CONDITIONS = DEBUG;
				SWIFT_OPTIMIZATION_LEVEL = "-Onone";
			};
			name = Debug;
		};
		C0F7F8091E782FD100C877CC /* Release */ = {
			isa = XCBuildConfiguration;
			buildSettings = {
				ALWAYS_SEARCH_USER_PATHS = NO;
				CLANG_ANALYZER_NONNULL = YES;
				CLANG_CXX_LANGUAGE_STANDARD = "gnu++0x";
				CLANG_CXX_LIBRARY = "libc++";
				CLANG_ENABLE_MODULES = YES;
				CLANG_ENABLE_OBJC_ARC = YES;
				CLANG_WARN_BOOL_CONVERSION = YES;
				CLANG_WARN_CONSTANT_CONVERSION = YES;
				CLANG_WARN_DIRECT_OBJC_ISA_USAGE = YES_ERROR;
				CLANG_WARN_DOCUMENTATION_COMMENTS = YES;
				CLANG_WARN_EMPTY_BODY = YES;
				CLANG_WARN_ENUM_CONVERSION = YES;
				CLANG_WARN_INFINITE_RECURSION = YES;
				CLANG_WARN_INT_CONVERSION = YES;
				CLANG_WARN_OBJC_ROOT_CLASS = YES_ERROR;
				CLANG_WARN_SUSPICIOUS_MOVE = YES;
				CLANG_WARN_UNREACHABLE_CODE = YES;
				CLANG_WARN__DUPLICATE_METHOD_MATCH = YES;
				"CODE_SIGN_IDENTITY[sdk=iphoneos*]" = "iPhone Developer";
				COPY_PHASE_STRIP = NO;
				DEBUG_INFORMATION_FORMAT = "dwarf-with-dsym";
				ENABLE_NS_ASSERTIONS = NO;
				ENABLE_STRICT_OBJC_MSGSEND = YES;
				GCC_C_LANGUAGE_STANDARD = gnu99;
				GCC_NO_COMMON_BLOCKS = YES;
				GCC_WARN_64_TO_32_BIT_CONVERSION = YES;
				GCC_WARN_ABOUT_RETURN_TYPE = YES_ERROR;
				GCC_WARN_UNDECLARED_SELECTOR = YES;
				GCC_WARN_UNINITIALIZED_AUTOS = YES_AGGRESSIVE;
				GCC_WARN_UNUSED_FUNCTION = YES;
				GCC_WARN_UNUSED_VARIABLE = YES;
				IPHONEOS_DEPLOYMENT_TARGET = 10.2;
				MTL_ENABLE_DEBUG_INFO = NO;
				SDKROOT = iphoneos;
				SWIFT_OPTIMIZATION_LEVEL = "-Owholemodule";
				VALIDATE_PRODUCT = YES;
			};
			name = Release;
		};
		C0F7F80B1E782FD100C877CC /* Debug */ = {
			isa = XCBuildConfiguration;
			buildSettings = {
				ASSETCATALOG_COMPILER_APPICON_NAME = AppIcon;
				DEVELOPMENT_TEAM = GD7J2EY34Y;
				INFOPLIST_FILE = DraggleClock/Info.plist;
				LD_RUNPATH_SEARCH_PATHS = "$(inherited) @executable_path/Frameworks";
				PRODUCT_BUNDLE_IDENTIFIER = wz.liguiyan.partrick.DraggleClock;
				PRODUCT_NAME = "$(TARGET_NAME)";
				SWIFT_VERSION = 3.0;
			};
			name = Debug;
		};
		C0F7F80C1E782FD100C877CC /* Release */ = {
			isa = XCBuildConfiguration;
			buildSettings = {
				ASSETCATALOG_COMPILER_APPICON_NAME = AppIcon;
				DEVELOPMENT_TEAM = GD7J2EY34Y;
				INFOPLIST_FILE = DraggleClock/Info.plist;
				LD_RUNPATH_SEARCH_PATHS = "$(inherited) @executable_path/Frameworks";
				PRODUCT_BUNDLE_IDENTIFIER = wz.liguiyan.partrick.DraggleClock;
				PRODUCT_NAME = "$(TARGET_NAME)";
				SWIFT_VERSION = 3.0;
			};
			name = Release;
		};
/* End XCBuildConfiguration section */

/* Begin XCConfigurationList section */
		C0F7F7F31E782FD000C877CC /* Build configuration list for PBXProject "DraggleClock" */ = {
			isa = XCConfigurationList;
			buildConfigurations = (
				C0F7F8081E782FD100C877CC /* Debug */,
				C0F7F8091E782FD100C877CC /* Release */,
			);
			defaultConfigurationIsVisible = 0;
			defaultConfigurationName = Release;
		};
		C0F7F80A1E782FD100C877CC /* Build configuration list for PBXNativeTarget "DraggleClock" */ = {
			isa = XCConfigurationList;
			buildConfigurations = (
				C0F7F80B1E782FD100C877CC /* Debug */,
				C0F7F80C1E782FD100C877CC /* Release */,
			);
			defaultConfigurationIsVisible = 0;
			defaultConfigurationName = Release;
		};
/* End XCConfigurationList section */
	};
	rootObject = C0F7F7F01E782FD000C877CC /* Project object */;
}
